// !$*UTF8*$!
{
	archiveVersion = 1;
	classes = {
	};
	objectVersion = 46;
	objects = {

/* Begin PBXBuildFile section */
		90693B4A1EE7C6EB005FCD42 /* AboutAppDescView.swift in Sources */ = {isa = PBXBuildFile; fileRef = 90693B491EE7C6EB005FCD42 /* AboutAppDescView.swift */; };
		90693B4D1EE829CD005FCD42 /* Localizable.strings in Resources */ = {isa = PBXBuildFile; fileRef = 90693B4F1EE829CD005FCD42 /* Localizable.strings */; };
		908878131ED9BD03001AA5CB /* AppDelegate.swift in Sources */ = {isa = PBXBuildFile; fileRef = 908878121ED9BD03001AA5CB /* AppDelegate.swift */; };
		908878151ED9BD03001AA5CB /* ViewController.swift in Sources */ = {isa = PBXBuildFile; fileRef = 908878141ED9BD03001AA5CB /* ViewController.swift */; };
		908878181ED9BD03001AA5CB /* Main.storyboard in Resources */ = {isa = PBXBuildFile; fileRef = 908878161ED9BD03001AA5CB /* Main.storyboard */; };
		9088781A1ED9BD03001AA5CB /* Assets.xcassets in Resources */ = {isa = PBXBuildFile; fileRef = 908878191ED9BD03001AA5CB /* Assets.xcassets */; };
		9088781D1ED9BD03001AA5CB /* LaunchScreen.storyboard in Resources */ = {isa = PBXBuildFile; fileRef = 9088781B1ED9BD03001AA5CB /* LaunchScreen.storyboard */; };
		908878281ED9BD03001AA5CB /* YesOrNoTests.swift in Sources */ = {isa = PBXBuildFile; fileRef = 908878271ED9BD03001AA5CB /* YesOrNoTests.swift */; };
		908878331ED9BD03001AA5CB /* YesOrNoUITests.swift in Sources */ = {isa = PBXBuildFile; fileRef = 908878321ED9BD03001AA5CB /* YesOrNoUITests.swift */; };
		9088785A1ED9CF1B001AA5CB /* Localizable.strings in Resources */ = {isa = PBXBuildFile; fileRef = 9088785C1ED9CF1B001AA5CB /* Localizable.strings */; };
		908878661ED9D4C1001AA5CB /* MainTableView.swift in Sources */ = {isa = PBXBuildFile; fileRef = 908878651ED9D4C1001AA5CB /* MainTableView.swift */; };
		908878681ED9D73E001AA5CB /* MainTableViewCell.swift in Sources */ = {isa = PBXBuildFile; fileRef = 908878671ED9D73E001AA5CB /* MainTableViewCell.swift */; };
		908878701ED9D8F7001AA5CB /* NotificationCenter.framework in Frameworks */ = {isa = PBXBuildFile; fileRef = 9088786F1ED9D8F7001AA5CB /* NotificationCenter.framework */; };
		908878731ED9D8F7001AA5CB /* TodayViewController.swift in Sources */ = {isa = PBXBuildFile; fileRef = 908878721ED9D8F7001AA5CB /* TodayViewController.swift */; };
		908878761ED9D8F8001AA5CB /* MainInterface.storyboard in Resources */ = {isa = PBXBuildFile; fileRef = 908878741ED9D8F7001AA5CB /* MainInterface.storyboard */; };
		9088787A1ED9D8F8001AA5CB /* TodayYesOrNo.appex in Embed App Extensions */ = {isa = PBXBuildFile; fileRef = 9088786D1ED9D8F7001AA5CB /* TodayYesOrNo.appex */; settings = {ATTRIBUTES = (RemoveHeadersOnCopy, ); }; };
/* End PBXBuildFile section */

/* Begin PBXContainerItemProxy section */
		908878241ED9BD03001AA5CB /* PBXContainerItemProxy */ = {
			isa = PBXContainerItemProxy;
			containerPortal = 908878071ED9BD03001AA5CB /* Project object */;
			proxyType = 1;
			remoteGlobalIDString = 9088780E1ED9BD03001AA5CB;
			remoteInfo = YesOrNo;
		};
		9088782F1ED9BD03001AA5CB /* PBXContainerItemProxy */ = {
			isa = PBXContainerItemProxy;
			containerPortal = 908878071ED9BD03001AA5CB /* Project object */;
			proxyType = 1;
			remoteGlobalIDString = 9088780E1ED9BD03001AA5CB;
			remoteInfo = YesOrNo;
		};
		908878781ED9D8F8001AA5CB /* PBXContainerItemProxy */ = {
			isa = PBXContainerItemProxy;
			containerPortal = 908878071ED9BD03001AA5CB /* Project object */;
			proxyType = 1;
			remoteGlobalIDString = 9088786C1ED9D8F7001AA5CB;
			remoteInfo = TodayYesOrNo;
		};
/* End PBXContainerItemProxy section */

/* Begin PBXCopyFilesBuildPhase section */
		9088787E1ED9D8F8001AA5CB /* Embed App Extensions */ = {
			isa = PBXCopyFilesBuildPhase;
			buildActionMask = 2147483647;
			dstPath = "";
			dstSubfolderSpec = 13;
			files = (
				9088787A1ED9D8F8001AA5CB /* TodayYesOrNo.appex in Embed App Extensions */,
			);
			name = "Embed App Extensions";
			runOnlyForDeploymentPostprocessing = 0;
		};
/* End PBXCopyFilesBuildPhase section */

/* Begin PBXFileReference section */
		90693B491EE7C6EB005FCD42 /* AboutAppDescView.swift */ = {isa = PBXFileReference; fileEncoding = 4; lastKnownFileType = sourcecode.swift; path = AboutAppDescView.swift; sourceTree = "<group>"; };
		90693B511EE829D2005FCD42 /* zh-Hans */ = {isa = PBXFileReference; lastKnownFileType = text.plist.strings; name = "zh-Hans"; path = "zh-Hans.lproj/Localizable.strings"; sourceTree = "<group>"; };
		90693B521EE829E2005FCD42 /* en */ = {isa = PBXFileReference; lastKnownFileType = text.plist.strings; name = en; path = en.lproj/Localizable.strings; sourceTree = "<group>"; };
		9088780F1ED9BD03001AA5CB /* YesOrNo.app */ = {isa = PBXFileReference; explicitFileType = wrapper.application; includeInIndex = 0; path = YesOrNo.app; sourceTree = BUILT_PRODUCTS_DIR; };
		908878121ED9BD03001AA5CB /* AppDelegate.swift */ = {isa = PBXFileReference; lastKnownFileType = sourcecode.swift; path = AppDelegate.swift; sourceTree = "<group>"; };
		908878141ED9BD03001AA5CB /* ViewController.swift */ = {isa = PBXFileReference; lastKnownFileType = sourcecode.swift; path = ViewController.swift; sourceTree = "<group>"; };
		908878171ED9BD03001AA5CB /* Base */ = {isa = PBXFileReference; lastKnownFileType = file.storyboard; name = Base; path = Base.lproj/Main.storyboard; sourceTree = "<group>"; };
		908878191ED9BD03001AA5CB /* Assets.xcassets */ = {isa = PBXFileReference; lastKnownFileType = folder.assetcatalog; path = Assets.xcassets; sourceTree = "<group>"; };
		9088781C1ED9BD03001AA5CB /* Base */ = {isa = PBXFileReference; lastKnownFileType = file.storyboard; name = Base; path = Base.lproj/LaunchScreen.storyboard; sourceTree = "<group>"; };
		9088781E1ED9BD03001AA5CB /* Info.plist */ = {isa = PBXFileReference; lastKnownFileType = text.plist.xml; path = Info.plist; sourceTree = "<group>"; };
		908878231ED9BD03001AA5CB /* YesOrNoTests.xctest */ = {isa = PBXFileReference; explicitFileType = wrapper.cfbundle; includeInIndex = 0; path = YesOrNoTests.xctest; sourceTree = BUILT_PRODUCTS_DIR; };
		908878271ED9BD03001AA5CB /* YesOrNoTests.swift */ = {isa = PBXFileReference; lastKnownFileType = sourcecode.swift; path = YesOrNoTests.swift; sourceTree = "<group>"; };
		908878291ED9BD03001AA5CB /* Info.plist */ = {isa = PBXFileReference; lastKnownFileType = text.plist.xml; path = Info.plist; sourceTree = "<group>"; };
		9088782E1ED9BD03001AA5CB /* YesOrNoUITests.xctest */ = {isa = PBXFileReference; explicitFileType = wrapper.cfbundle; includeInIndex = 0; path = YesOrNoUITests.xctest; sourceTree = BUILT_PRODUCTS_DIR; };
		908878321ED9BD03001AA5CB /* YesOrNoUITests.swift */ = {isa = PBXFileReference; lastKnownFileType = sourcecode.swift; path = YesOrNoUITests.swift; sourceTree = "<group>"; };
		908878341ED9BD03001AA5CB /* Info.plist */ = {isa = PBXFileReference; lastKnownFileType = text.plist.xml; path = Info.plist; sourceTree = "<group>"; };
		9088785B1ED9CF1B001AA5CB /* en */ = {isa = PBXFileReference; lastKnownFileType = text.plist.strings; name = en; path = en.lproj/Localizable.strings; sourceTree = "<group>"; };
		9088785D1ED9CF2D001AA5CB /* zh-Hans */ = {isa = PBXFileReference; lastKnownFileType = text.plist.strings; name = "zh-Hans"; path = "zh-Hans.lproj/Main.strings"; sourceTree = "<group>"; };
		9088785E1ED9CF2E001AA5CB /* zh-Hans */ = {isa = PBXFileReference; lastKnownFileType = text.plist.strings; name = "zh-Hans"; path = "zh-Hans.lproj/LaunchScreen.strings"; sourceTree = "<group>"; };
		9088785F1ED9CF2E001AA5CB /* zh-Hans */ = {isa = PBXFileReference; lastKnownFileType = text.plist.strings; name = "zh-Hans"; path = "zh-Hans.lproj/Localizable.strings"; sourceTree = "<group>"; };
		908878651ED9D4C1001AA5CB /* MainTableView.swift */ = {isa = PBXFileReference; fileEncoding = 4; lastKnownFileType = sourcecode.swift; path = MainTableView.swift; sourceTree = "<group>"; };
		908878671ED9D73E001AA5CB /* MainTableViewCell.swift */ = {isa = PBXFileReference; fileEncoding = 4; lastKnownFileType = sourcecode.swift; path = MainTableViewCell.swift; sourceTree = "<group>"; };
		9088786D1ED9D8F7001AA5CB /* TodayYesOrNo.appex */ = {isa = PBXFileReference; explicitFileType = "wrapper.app-extension"; includeInIndex = 0; path = TodayYesOrNo.appex; sourceTree = BUILT_PRODUCTS_DIR; };
		9088786F1ED9D8F7001AA5CB /* NotificationCenter.framework */ = {isa = PBXFileReference; lastKnownFileType = wrapper.framework; name = NotificationCenter.framework; path = System/Library/Frameworks/NotificationCenter.framework; sourceTree = SDKROOT; };
		908878721ED9D8F7001AA5CB /* TodayViewController.swift */ = {isa = PBXFileReference; lastKnownFileType = sourcecode.swift; path = TodayViewController.swift; sourceTree = "<group>"; };
		908878751ED9D8F7001AA5CB /* Base */ = {isa = PBXFileReference; lastKnownFileType = file.storyboard; name = Base; path = Base.lproj/MainInterface.storyboard; sourceTree = "<group>"; };
		908878771ED9D8F8001AA5CB /* Info.plist */ = {isa = PBXFileReference; lastKnownFileType = text.plist.xml; path = Info.plist; sourceTree = "<group>"; };
/* End PBXFileReference section */

/* Begin PBXFrameworksBuildPhase section */
		9088780C1ED9BD03001AA5CB /* Frameworks */ = {
			isa = PBXFrameworksBuildPhase;
			buildActionMask = 2147483647;
			files = (
			);
			runOnlyForDeploymentPostprocessing = 0;
		};
		908878201ED9BD03001AA5CB /* Frameworks */ = {
			isa = PBXFrameworksBuildPhase;
			buildActionMask = 2147483647;
			files = (
			);
			runOnlyForDeploymentPostprocessing = 0;
		};
		9088782B1ED9BD03001AA5CB /* Frameworks */ = {
			isa = PBXFrameworksBuildPhase;
			buildActionMask = 2147483647;
			files = (
			);
			runOnlyForDeploymentPostprocessing = 0;
		};
		9088786A1ED9D8F7001AA5CB /* Frameworks */ = {
			isa = PBXFrameworksBuildPhase;
			buildActionMask = 2147483647;
			files = (
				908878701ED9D8F7001AA5CB /* NotificationCenter.framework in Frameworks */,
			);
			runOnlyForDeploymentPostprocessing = 0;
		};
/* End PBXFrameworksBuildPhase section */

/* Begin PBXGroup section */
		908878061ED9BD03001AA5CB = {
			isa = PBXGroup;
			children = (
				908878111ED9BD03001AA5CB /* YesOrNo */,
				908878261ED9BD03001AA5CB /* YesOrNoTests */,
				908878311ED9BD03001AA5CB /* YesOrNoUITests */,
				908878711ED9D8F7001AA5CB /* TodayYesOrNo */,
				9088786E1ED9D8F7001AA5CB /* Frameworks */,
				908878101ED9BD03001AA5CB /* Products */,
			);
			sourceTree = "<group>";
		};
		908878101ED9BD03001AA5CB /* Products */ = {
			isa = PBXGroup;
			children = (
				9088780F1ED9BD03001AA5CB /* YesOrNo.app */,
				908878231ED9BD03001AA5CB /* YesOrNoTests.xctest */,
				9088782E1ED9BD03001AA5CB /* YesOrNoUITests.xctest */,
				9088786D1ED9D8F7001AA5CB /* TodayYesOrNo.appex */,
			);
			name = Products;
			sourceTree = "<group>";
		};
		908878111ED9BD03001AA5CB /* YesOrNo */ = {
			isa = PBXGroup;
			children = (
				908878641ED9D4B3001AA5CB /* View */,
				908878121ED9BD03001AA5CB /* AppDelegate.swift */,
				908878611ED9D466001AA5CB /* Controller */,
				908878161ED9BD03001AA5CB /* Main.storyboard */,
				908878191ED9BD03001AA5CB /* Assets.xcassets */,
				9088781B1ED9BD03001AA5CB /* LaunchScreen.storyboard */,
				9088785C1ED9CF1B001AA5CB /* Localizable.strings */,
				9088781E1ED9BD03001AA5CB /* Info.plist */,
			);
			path = YesOrNo;
			sourceTree = "<group>";
		};
		908878261ED9BD03001AA5CB /* YesOrNoTests */ = {
			isa = PBXGroup;
			children = (
				908878271ED9BD03001AA5CB /* YesOrNoTests.swift */,
				908878291ED9BD03001AA5CB /* Info.plist */,
			);
			path = YesOrNoTests;
			sourceTree = "<group>";
		};
		908878311ED9BD03001AA5CB /* YesOrNoUITests */ = {
			isa = PBXGroup;
			children = (
				908878321ED9BD03001AA5CB /* YesOrNoUITests.swift */,
				908878341ED9BD03001AA5CB /* Info.plist */,
			);
			path = YesOrNoUITests;
			sourceTree = "<group>";
		};
		908878611ED9D466001AA5CB /* Controller */ = {
			isa = PBXGroup;
			children = (
				908878141ED9BD03001AA5CB /* ViewController.swift */,
			);
			name = Controller;
			sourceTree = "<group>";
		};
		908878641ED9D4B3001AA5CB /* View */ = {
			isa = PBXGroup;
			children = (
				908878651ED9D4C1001AA5CB /* MainTableView.swift */,
				908878671ED9D73E001AA5CB /* MainTableViewCell.swift */,
				90693B491EE7C6EB005FCD42 /* AboutAppDescView.swift */,
			);
			name = View;
			sourceTree = "<group>";
		};
		9088786E1ED9D8F7001AA5CB /* Frameworks */ = {
			isa = PBXGroup;
			children = (
				9088786F1ED9D8F7001AA5CB /* NotificationCenter.framework */,
			);
			name = Frameworks;
			sourceTree = "<group>";
		};
		908878711ED9D8F7001AA5CB /* TodayYesOrNo */ = {
			isa = PBXGroup;
			children = (
				908878721ED9D8F7001AA5CB /* TodayViewController.swift */,
				908878741ED9D8F7001AA5CB /* MainInterface.storyboard */,
				908878771ED9D8F8001AA5CB /* Info.plist */,
				90693B4F1EE829CD005FCD42 /* Localizable.strings */,
			);
			path = TodayYesOrNo;
			sourceTree = "<group>";
		};
/* End PBXGroup section */

/* Begin PBXNativeTarget section */
		9088780E1ED9BD03001AA5CB /* YesOrNo */ = {
			isa = PBXNativeTarget;
			buildConfigurationList = 908878371ED9BD03001AA5CB /* Build configuration list for PBXNativeTarget "YesOrNo" */;
			buildPhases = (
				9088780B1ED9BD03001AA5CB /* Sources */,
				9088780C1ED9BD03001AA5CB /* Frameworks */,
				9088780D1ED9BD03001AA5CB /* Resources */,
				9088787E1ED9D8F8001AA5CB /* Embed App Extensions */,
			);
			buildRules = (
			);
			dependencies = (
				908878791ED9D8F8001AA5CB /* PBXTargetDependency */,
			);
			name = YesOrNo;
			productName = YesOrNo;
			productReference = 9088780F1ED9BD03001AA5CB /* YesOrNo.app */;
			productType = "com.apple.product-type.application";
		};
		908878221ED9BD03001AA5CB /* YesOrNoTests */ = {
			isa = PBXNativeTarget;
			buildConfigurationList = 9088783A1ED9BD03001AA5CB /* Build configuration list for PBXNativeTarget "YesOrNoTests" */;
			buildPhases = (
				9088781F1ED9BD03001AA5CB /* Sources */,
				908878201ED9BD03001AA5CB /* Frameworks */,
				908878211ED9BD03001AA5CB /* Resources */,
			);
			buildRules = (
			);
			dependencies = (
				908878251ED9BD03001AA5CB /* PBXTargetDependency */,
			);
			name = YesOrNoTests;
			productName = YesOrNoTests;
			productReference = 908878231ED9BD03001AA5CB /* YesOrNoTests.xctest */;
			productType = "com.apple.product-type.bundle.unit-test";
		};
		9088782D1ED9BD03001AA5CB /* YesOrNoUITests */ = {
			isa = PBXNativeTarget;
			buildConfigurationList = 9088783D1ED9BD03001AA5CB /* Build configuration list for PBXNativeTarget "YesOrNoUITests" */;
			buildPhases = (
				9088782A1ED9BD03001AA5CB /* Sources */,
				9088782B1ED9BD03001AA5CB /* Frameworks */,
				9088782C1ED9BD03001AA5CB /* Resources */,
			);
			buildRules = (
			);
			dependencies = (
				908878301ED9BD03001AA5CB /* PBXTargetDependency */,
			);
			name = YesOrNoUITests;
			productName = YesOrNoUITests;
			productReference = 9088782E1ED9BD03001AA5CB /* YesOrNoUITests.xctest */;
			productType = "com.apple.product-type.bundle.ui-testing";
		};
		9088786C1ED9D8F7001AA5CB /* TodayYesOrNo */ = {
			isa = PBXNativeTarget;
			buildConfigurationList = 9088787B1ED9D8F8001AA5CB /* Build configuration list for PBXNativeTarget "TodayYesOrNo" */;
			buildPhases = (
				908878691ED9D8F7001AA5CB /* Sources */,
				9088786A1ED9D8F7001AA5CB /* Frameworks */,
				9088786B1ED9D8F7001AA5CB /* Resources */,
			);
			buildRules = (
			);
			dependencies = (
			);
			name = TodayYesOrNo;
			productName = TodayYesOrNo;
			productReference = 9088786D1ED9D8F7001AA5CB /* TodayYesOrNo.appex */;
			productType = "com.apple.product-type.app-extension";
		};
/* End PBXNativeTarget section */

/* Begin PBXProject section */
		908878071ED9BD03001AA5CB /* Project object */ = {
			isa = PBXProject;
			attributes = {
				LastSwiftUpdateCheck = 0810;
				LastUpgradeCheck = 0810;
				ORGANIZATIONNAME = leozhou;
				TargetAttributes = {
					9088780E1ED9BD03001AA5CB = {
						CreatedOnToolsVersion = 8.1;
						ProvisioningStyle = Automatic;
					};
					908878221ED9BD03001AA5CB = {
						CreatedOnToolsVersion = 8.1;
						ProvisioningStyle = Automatic;
						TestTargetID = 9088780E1ED9BD03001AA5CB;
					};
					9088782D1ED9BD03001AA5CB = {
						CreatedOnToolsVersion = 8.1;
						ProvisioningStyle = Automatic;
						TestTargetID = 9088780E1ED9BD03001AA5CB;
					};
					9088786C1ED9D8F7001AA5CB = {
						CreatedOnToolsVersion = 8.1;
						ProvisioningStyle = Automatic;
					};
				};
			};
			buildConfigurationList = 9088780A1ED9BD03001AA5CB /* Build configuration list for PBXProject "YesOrNo" */;
			compatibilityVersion = "Xcode 3.2";
			developmentRegion = English;
			hasScannedForEncodings = 0;
			knownRegions = (
				en,
				Base,
				"zh-Hans",
			);
			mainGroup = 908878061ED9BD03001AA5CB;
			productRefGroup = 908878101ED9BD03001AA5CB /* Products */;
			projectDirPath = "";
			projectRoot = "";
			targets = (
				9088780E1ED9BD03001AA5CB /* YesOrNo */,
				908878221ED9BD03001AA5CB /* YesOrNoTests */,
				9088782D1ED9BD03001AA5CB /* YesOrNoUITests */,
				9088786C1ED9D8F7001AA5CB /* TodayYesOrNo */,
			);
		};
/* End PBXProject section */

/* Begin PBXResourcesBuildPhase section */
		9088780D1ED9BD03001AA5CB /* Resources */ = {
			isa = PBXResourcesBuildPhase;
			buildActionMask = 2147483647;
			files = (
				9088781D1ED9BD03001AA5CB /* LaunchScreen.storyboard in Resources */,
				9088785A1ED9CF1B001AA5CB /* Localizable.strings in Resources */,
				9088781A1ED9BD03001AA5CB /* Assets.xcassets in Resources */,
				908878181ED9BD03001AA5CB /* Main.storyboard in Resources */,
			);
			runOnlyForDeploymentPostprocessing = 0;
		};
		908878211ED9BD03001AA5CB /* Resources */ = {
			isa = PBXResourcesBuildPhase;
			buildActionMask = 2147483647;
			files = (
			);
			runOnlyForDeploymentPostprocessing = 0;
		};
		9088782C1ED9BD03001AA5CB /* Resources */ = {
			isa = PBXResourcesBuildPhase;
			buildActionMask = 2147483647;
			files = (
			);
			runOnlyForDeploymentPostprocessing = 0;
		};
		9088786B1ED9D8F7001AA5CB /* Resources */ = {
			isa = PBXResourcesBuildPhase;
			buildActionMask = 2147483647;
			files = (
				908878761ED9D8F8001AA5CB /* MainInterface.storyboard in Resources */,
				90693B4D1EE829CD005FCD42 /* Localizable.strings in Resources */,
			);
			runOnlyForDeploymentPostprocessing = 0;
		};
/* End PBXResourcesBuildPhase section */

/* Begin PBXSourcesBuildPhase section */
		9088780B1ED9BD03001AA5CB /* Sources */ = {
			isa = PBXSourcesBuildPhase;
			buildActionMask = 2147483647;
			files = (
				908878661ED9D4C1001AA5CB /* MainTableView.swift in Sources */,
				908878151ED9BD03001AA5CB /* ViewController.swift in Sources */,
				90693B4A1EE7C6EB005FCD42 /* AboutAppDescView.swift in Sources */,
				908878681ED9D73E001AA5CB /* MainTableViewCell.swift in Sources */,
				908878131ED9BD03001AA5CB /* AppDelegate.swift in Sources */,
			);
			runOnlyForDeploymentPostprocessing = 0;
		};
		9088781F1ED9BD03001AA5CB /* Sources */ = {
			isa = PBXSourcesBuildPhase;
			buildActionMask = 2147483647;
			files = (
				908878281ED9BD03001AA5CB /* YesOrNoTests.swift in Sources */,
			);
			runOnlyForDeploymentPostprocessing = 0;
		};
		9088782A1ED9BD03001AA5CB /* Sources */ = {
			isa = PBXSourcesBuildPhase;
			buildActionMask = 2147483647;
			files = (
				908878331ED9BD03001AA5CB /* YesOrNoUITests.swift in Sources */,
			);
			runOnlyForDeploymentPostprocessing = 0;
		};
		908878691ED9D8F7001AA5CB /* Sources */ = {
			isa = PBXSourcesBuildPhase;
			buildActionMask = 2147483647;
			files = (
				908878731ED9D8F7001AA5CB /* TodayViewController.swift in Sources */,
			);
			runOnlyForDeploymentPostprocessing = 0;
		};
/* End PBXSourcesBuildPhase section */

/* Begin PBXTargetDependency section */
		908878251ED9BD03001AA5CB /* PBXTargetDependency */ = {
			isa = PBXTargetDependency;
			target = 9088780E1ED9BD03001AA5CB /* YesOrNo */;
			targetProxy = 908878241ED9BD03001AA5CB /* PBXContainerItemProxy */;
		};
		908878301ED9BD03001AA5CB /* PBXTargetDependency */ = {
			isa = PBXTargetDependency;
			target = 9088780E1ED9BD03001AA5CB /* YesOrNo */;
			targetProxy = 9088782F1ED9BD03001AA5CB /* PBXContainerItemProxy */;
		};
		908878791ED9D8F8001AA5CB /* PBXTargetDependency */ = {
			isa = PBXTargetDependency;
			target = 9088786C1ED9D8F7001AA5CB /* TodayYesOrNo */;
			targetProxy = 908878781ED9D8F8001AA5CB /* PBXContainerItemProxy */;
		};
/* End PBXTargetDependency section */

/* Begin PBXVariantGroup section */
		90693B4F1EE829CD005FCD42 /* Localizable.strings */ = {
			isa = PBXVariantGroup;
			children = (
				90693B511EE829D2005FCD42 /* zh-Hans */,
				90693B521EE829E2005FCD42 /* en */,
			);
			name = Localizable.strings;
			sourceTree = "<group>";
		};
		908878161ED9BD03001AA5CB /* Main.storyboard */ = {
			isa = PBXVariantGroup;
			children = (
				908878171ED9BD03001AA5CB /* Base */,
				9088785D1ED9CF2D001AA5CB /* zh-Hans */,
			);
			name = Main.storyboard;
			sourceTree = "<group>";
		};
		9088781B1ED9BD03001AA5CB /* LaunchScreen.storyboard */ = {
			isa = PBXVariantGroup;
			children = (
				9088781C1ED9BD03001AA5CB /* Base */,
				9088785E1ED9CF2E001AA5CB /* zh-Hans */,
			);
			name = LaunchScreen.storyboard;
			sourceTree = "<group>";
		};
		9088785C1ED9CF1B001AA5CB /* Localizable.strings */ = {
			isa = PBXVariantGroup;
			children = (
				9088785B1ED9CF1B001AA5CB /* en */,
				9088785F1ED9CF2E001AA5CB /* zh-Hans */,
			);
			name = Localizable.strings;
			sourceTree = "<group>";
		};
		908878741ED9D8F7001AA5CB /* MainInterface.storyboard */ = {
			isa = PBXVariantGroup;
			children = (
				908878751ED9D8F7001AA5CB /* Base */,
			);
			name = MainInterface.storyboard;
			sourceTree = "<group>";
		};
/* End PBXVariantGroup section */

/* Begin XCBuildConfiguration section */
		908878351ED9BD03001AA5CB /* Debug */ = {
			isa = XCBuildConfiguration;
			buildSettings = {
				ALWAYS_SEARCH_USER_PATHS = NO;
				CLANG_ANALYZER_LOCALIZABILITY_NONLOCALIZED = YES;
				CLANG_ANALYZER_NONNULL = YES;
				CLANG_CXX_LANGUAGE_STANDARD = "gnu++0x";
				CLANG_CXX_LIBRARY = "libc++";
				CLANG_ENABLE_MODULES = YES;
				CLANG_ENABLE_OBJC_ARC = YES;
				CLANG_WARN_BOOL_CONVERSION = YES;
				CLANG_WARN_CONSTANT_CONVERSION = YES;
				CLANG_WARN_DIRECT_OBJC_ISA_USAGE = YES_ERROR;
				CLANG_WARN_DOCUMENTATION_COMMENTS = YES;
				CLANG_WARN_EMPTY_BODY = YES;
				CLANG_WARN_ENUM_CONVERSION = YES;
				CLANG_WARN_INFINITE_RECURSION = YES;
				CLANG_WARN_INT_CONVERSION = YES;
				CLANG_WARN_OBJC_ROOT_CLASS = YES_ERROR;
				CLANG_WARN_SUSPICIOUS_MOVES = YES;
				CLANG_WARN_UNREACHABLE_CODE = YES;
				CLANG_WARN__DUPLICATE_METHOD_MATCH = YES;
				"CODE_SIGN_IDENTITY[sdk=iphoneos*]" = "iPhone Developer";
				COPY_PHASE_STRIP = NO;
				DEBUG_INFORMATION_FORMAT = dwarf;
				ENABLE_STRICT_OBJC_MSGSEND = YES;
				ENABLE_TESTABILITY = YES;
				GCC_C_LANGUAGE_STANDARD = gnu99;
				GCC_DYNAMIC_NO_PIC = NO;
				GCC_NO_COMMON_BLOCKS = YES;
				GCC_OPTIMIZATION_LEVEL = 0;
				GCC_PREPROCESSOR_DEFINITIONS = (
					"DEBUG=1",
					"$(inherited)",
				);
				GCC_WARN_64_TO_32_BIT_CONVERSION = YES;
				GCC_WARN_ABOUT_RETURN_TYPE = YES_ERROR;
				GCC_WARN_UNDECLARED_SELECTOR = YES;
				GCC_WARN_UNINITIALIZED_AUTOS = YES_AGGRESSIVE;
				GCC_WARN_UNUSED_FUNCTION = YES;
				GCC_WARN_UNUSED_VARIABLE = YES;
				IPHONEOS_DEPLOYMENT_TARGET = 10.1;
				MTL_ENABLE_DEBUG_INFO = YES;
				ONLY_ACTIVE_ARCH = YES;
				SDKROOT = iphoneos;
				SWIFT_ACTIVE_COMPILATION_CONDITIONS = DEBUG;
				SWIFT_OPTIMIZATION_LEVEL = "-Onone";
				TARGETED_DEVICE_FAMILY = "1,2";
			};
			name = Debug;
		};
		908878361ED9BD03001AA5CB /* Release */ = {
			isa = XCBuildConfiguration;
			buildSettings = {
				ALWAYS_SEARCH_USER_PATHS = NO;
				CLANG_ANALYZER_LOCALIZABILITY_NONLOCALIZED = YES;
				CLANG_ANALYZER_NONNULL = YES;
				CLANG_CXX_LANGUAGE_STANDARD = "gnu++0x";
				CLANG_CXX_LIBRARY = "libc++";
				CLANG_ENABLE_MODULES = YES;
				CLANG_ENABLE_OBJC_ARC = YES;
				CLANG_WARN_BOOL_CONVERSION = YES;
				CLANG_WARN_CONSTANT_CONVERSION = YES;
				CLANG_WARN_DIRECT_OBJC_ISA_USAGE = YES_ERROR;
				CLANG_WARN_DOCUMENTATION_COMMENTS = YES;
				CLANG_WARN_EMPTY_BODY = YES;
				CLANG_WARN_ENUM_CONVERSION = YES;
				CLANG_WARN_INFINITE_RECURSION = YES;
				CLANG_WARN_INT_CONVERSION = YES;
				CLANG_WARN_OBJC_ROOT_CLASS = YES_ERROR;
				CLANG_WARN_SUSPICIOUS_MOVES = YES;
				CLANG_WARN_UNREACHABLE_CODE = YES;
				CLANG_WARN__DUPLICATE_METHOD_MATCH = YES;
				"CODE_SIGN_IDENTITY[sdk=iphoneos*]" = "iPhone Developer";
				COPY_PHASE_STRIP = NO;
				DEBUG_INFORMATION_FORMAT = "dwarf-with-dsym";
				ENABLE_NS_ASSERTIONS = NO;
				ENABLE_STRICT_OBJC_MSGSEND = YES;
				GCC_C_LANGUAGE_STANDARD = gnu99;
				GCC_NO_COMMON_BLOCKS = YES;
				GCC_WARN_64_TO_32_BIT_CONVERSION = YES;
				GCC_WARN_ABOUT_RETURN_TYPE = YES_ERROR;
				GCC_WARN_UNDECLARED_SELECTOR = YES;
				GCC_WARN_UNINITIALIZED_AUTOS = YES_AGGRESSIVE;
				GCC_WARN_UNUSED_FUNCTION = YES;
				GCC_WARN_UNUSED_VARIABLE = YES;
				IPHONEOS_DEPLOYMENT_TARGET = 10.1;
				MTL_ENABLE_DEBUG_INFO = NO;
				SDKROOT = iphoneos;
				SWIFT_OPTIMIZATION_LEVEL = "-Owholemodule";
				TARGETED_DEVICE_FAMILY = "1,2";
				VALIDATE_PRODUCT = YES;
			};
			name = Release;
		};
		908878381ED9BD03001AA5CB /* Debug */ = {
			isa = XCBuildConfiguration;
			buildSettings = {
				ALWAYS_EMBED_SWIFT_STANDARD_LIBRARIES = YES;
				ASSETCATALOG_COMPILER_APPICON_NAME = AppIcon;
				INFOPLIST_FILE = YesOrNo/Info.plist;
				LD_RUNPATH_SEARCH_PATHS = "$(inherited) @executable_path/Frameworks";
				PRODUCT_BUNDLE_IDENTIFIER = com.leozhou.YesOrNo;
				PRODUCT_NAME = "$(TARGET_NAME)";
				SWIFT_VERSION = 3.0;
			};
			name = Debug;
		};
		908878391ED9BD03001AA5CB /* Release */ = {
			isa = XCBuildConfiguration;
			buildSettings = {
				ALWAYS_EMBED_SWIFT_STANDARD_LIBRARIES = YES;
				ASSETCATALOG_COMPILER_APPICON_NAME = AppIcon;
				INFOPLIST_FILE = YesOrNo/Info.plist;
				LD_RUNPATH_SEARCH_PATHS = "$(inherited) @executable_path/Frameworks";
				PRODUCT_BUNDLE_IDENTIFIER = com.leozhou.YesOrNo;
				PRODUCT_NAME = "$(TARGET_NAME)";
				SWIFT_VERSION = 3.0;
			};
			name = Release;
		};
		9088783B1ED9BD03001AA5CB /* Debug */ = {
			isa = XCBuildConfiguration;
			buildSettings = {
				ALWAYS_EMBED_SWIFT_STANDARD_LIBRARIES = YES;
				BUNDLE_LOADER = "$(TEST_HOST)";
				INFOPLIST_FILE = YesOrNoTests/Info.plist;
				LD_RUNPATH_SEARCH_PATHS = "$(inherited) @executable_path/Frameworks @loader_path/Frameworks";
				PRODUCT_BUNDLE_IDENTIFIER = com.leozhou.YesOrNoTests;
				PRODUCT_NAME = "$(TARGET_NAME)";
				SWIFT_VERSION = 3.0;
				TEST_HOST = "$(BUILT_PRODUCTS_DIR)/YesOrNo.app/YesOrNo";
			};
			name = Debug;
		};
		9088783C1ED9BD03001AA5CB /* Release */ = {
			isa = XCBuildConfiguration;
			buildSettings = {
				ALWAYS_EMBED_SWIFT_STANDARD_LIBRARIES = YES;
				BUNDLE_LOADER = "$(TEST_HOST)";
				INFOPLIST_FILE = YesOrNoTests/Info.plist;
				LD_RUNPATH_SEARCH_PATHS = "$(inherited) @executable_path/Frameworks @loader_path/Frameworks";
				PRODUCT_BUNDLE_IDENTIFIER = com.leozhou.YesOrNoTests;
				PRODUCT_NAME = "$(TARGET_NAME)";
				SWIFT_VERSION = 3.0;
				TEST_HOST = "$(BUILT_PRODUCTS_DIR)/YesOrNo.app/YesOrNo";
			};
			name = Release;
		};
		9088783E1ED9BD03001AA5CB /* Debug */ = {
			isa = XCBuildConfiguration;
			buildSettings = {
				ALWAYS_EMBED_SWIFT_STANDARD_LIBRARIES = YES;
				INFOPLIST_FILE = YesOrNoUITests/Info.plist;
				LD_RUNPATH_SEARCH_PATHS = "$(inherited) @executable_path/Frameworks @loader_path/Frameworks";
				PRODUCT_BUNDLE_IDENTIFIER = com.leozhou.YesOrNoUITests;
				PRODUCT_NAME = "$(TARGET_NAME)";
				SWIFT_VERSION = 3.0;
				TEST_TARGET_NAME = YesOrNo;
			};
			name = Debug;
		};
		9088783F1ED9BD03001AA5CB /* Release */ = {
			isa = XCBuildConfiguration;
			buildSettings = {
				ALWAYS_EMBED_SWIFT_STANDARD_LIBRARIES = YES;
				INFOPLIST_FILE = YesOrNoUITests/Info.plist;
				LD_RUNPATH_SEARCH_PATHS = "$(inherited) @executable_path/Frameworks @loader_path/Frameworks";
				PRODUCT_BUNDLE_IDENTIFIER = com.leozhou.YesOrNoUITests;
				PRODUCT_NAME = "$(TARGET_NAME)";
				SWIFT_VERSION = 3.0;
				TEST_TARGET_NAME = YesOrNo;
			};
			name = Release;
		};
		9088787C1ED9D8F8001AA5CB /* Debug */ = {
			isa = XCBuildConfiguration;
			buildSettings = {
				INFOPLIST_FILE = TodayYesOrNo/Info.plist;
				LD_RUNPATH_SEARCH_PATHS = "$(inherited) @executable_path/Frameworks @executable_path/../../Frameworks";
				PRODUCT_BUNDLE_IDENTIFIER = com.leozhou.YesOrNo.TodayYesOrNo;
				PRODUCT_NAME = "$(TARGET_NAME)";
				SKIP_INSTALL = YES;
				SWIFT_VERSION = 3.0;
			};
			name = Debug;
		};
		9088787D1ED9D8F8001AA5CB /* Release */ = {
			isa = XCBuildConfiguration;
			buildSettings = {
				INFOPLIST_FILE = TodayYesOrNo/Info.plist;
				LD_RUNPATH_SEARCH_PATHS = "$(inherited) @executable_path/Frameworks @executable_path/../../Frameworks";
				PRODUCT_BUNDLE_IDENTIFIER = com.leozhou.YesOrNo.TodayYesOrNo;
				PRODUCT_NAME = "$(TARGET_NAME)";
				SKIP_INSTALL = YES;
				SWIFT_VERSION = 3.0;
			};
			name = Release;
		};
/* End XCBuildConfiguration section */

/* Begin XCConfigurationList section */
		9088780A1ED9BD03001AA5CB /* Build configuration list for PBXProject "YesOrNo" */ = {
			isa = XCConfigurationList;
			buildConfigurations = (
				908878351ED9BD03001AA5CB /* Debug */,
				908878361ED9BD03001AA5CB /* Release */,
			);
			defaultConfigurationIsVisible = 0;
			defaultConfigurationName = Release;
		};
		908878371ED9BD03001AA5CB /* Build configuration list for PBXNativeTarget "YesOrNo" */ = {
			isa = XCConfigurationList;
			buildConfigurations = (
				908878381ED9BD03001AA5CB /* Debug */,
				908878391ED9BD03001AA5CB /* Release */,
			);
			defaultConfigurationIsVisible = 0;
			defaultConfigurationName = Release;
		};
		9088783A1ED9BD03001AA5CB /* Build configuration list for PBXNativeTarget "YesOrNoTests" */ = {
			isa = XCConfigurationList;
			buildConfigurations = (
				9088783B1ED9BD03001AA5CB /* Debug */,
				9088783C1ED9BD03001AA5CB /* Release */,
			);
			defaultConfigurationIsVisible = 0;
			defaultConfigurationName = Release;
		};
		9088783D1ED9BD03001AA5CB /* Build configuration list for PBXNativeTarget "YesOrNoUITests" */ = {
			isa = XCConfigurationList;
			buildConfigurations = (
				9088783E1ED9BD03001AA5CB /* Debug */,
				9088783F1ED9BD03001AA5CB /* Release */,
			);
			defaultConfigurationIsVisible = 0;
			defaultConfigurationName = Release;
		};
		9088787B1ED9D8F8001AA5CB /* Build configuration list for PBXNativeTarget "TodayYesOrNo" */ = {
			isa = XCConfigurationList;
			buildConfigurations = (
				9088787C1ED9D8F8001AA5CB /* Debug */,
				9088787D1ED9D8F8001AA5CB /* Release */,
			);
			defaultConfigurationIsVisible = 0;
			defaultConfigurationName = Release;
		};
/* End XCConfigurationList section */
	};
	rootObject = 908878071ED9BD03001AA5CB /* Project object */;
}
